
Microsoft Visual Studio Solution File, Format Version 12.00
# Visual Studio Version 17
VisualStudioVersion = 17.0.31903.59
MinimumVisualStudioVersion = 10.0.40219.1
Project("{FAE04EC0-301F-11D3-BF4B-00C04F79EFBC}") = "dcm2csv", "dcm2csv\dcm2csv.csproj", "{BC966079-09FD-417F-8927-F05F3AD1CF33}"
EndProject
Project("{FAE04EC0-301F-11D3-BF4B-00C04F79EFBC}") = "dcm2csv.Tests", "tests\dcm2csv.Tests.csproj", "{0D7FDAE9-4EED-4BF9-A415-1A7E62BA6C43}"
EndProject
Global
	GlobalSection(SolutionConfigurationPlatforms) = preSolution
		Debug|Any CPU = Debug|Any CPU
		Release|Any CPU = Release|Any CPU
	EndGlobalSection
	GlobalSection(SolutionProperties) = preSolution
		HideSolutionNode = FALSE
	EndGlobalSection
	GlobalSection(ProjectConfigurationPlatforms) = postSolution
		{BC966079-09FD-417F-8927-F05F3AD1CF33}.Debug|Any CPU.ActiveCfg = Debug|Any CPU
		{BC966079-09FD-417F-8927-F05F3AD1CF33}.Debug|Any CPU.Build.0 = Debug|Any CPU
		{BC966079-09FD-417F-8927-F05F3AD1CF33}.Release|Any CPU.ActiveCfg = Release|Any CPU
		{BC966079-09FD-417F-8927-F05F3AD1CF33}.Release|Any CPU.Build.0 = Release|Any CPU
		{0D7FDAE9-4EED-4BF9-A415-1A7E62BA6C43}.Debug|Any CPU.ActiveCfg = Debug|Any CPU
		{0D7FDAE9-4EED-4BF9-A415-1A7E62BA6C43}.Debug|Any CPU.Build.0 = Debug|Any CPU
		{0D7FDAE9-4EED-4BF9-A415-1A7E62BA6C43}.Release|Any CPU.ActiveCfg = Release|Any CPU
		{0D7FDAE9-4EED-4BF9-A415-1A7E62BA6C43}.Release|Any CPU.Build.0 = Release|Any CPU
	EndGlobalSection
EndGlobal
